// !$*UTF8*$!
{
	archiveVersion = 1;
	classes = {
	};
	objectVersion = 48;
	objects = {

/* Begin PBXBuildFile section */
		1BD22AF93F6CF588201B5503 /* Pods_innocvTests.framework in Frameworks */ = {isa = PBXBuildFile; fileRef = DF154C088873F69F27DCC40F /* Pods_innocvTests.framework */; };
		9C0ADCC41F8E178400144FB9 /* AppDelegate.swift in Sources */ = {isa = PBXBuildFile; fileRef = 9C0ADCC31F8E178400144FB9 /* AppDelegate.swift */; };
		9C0ADCC61F8E178400144FB9 /* ListOfUsersController.swift in Sources */ = {isa = PBXBuildFile; fileRef = 9C0ADCC51F8E178400144FB9 /* ListOfUsersController.swift */; };
		9C0ADCC91F8E178400144FB9 /* Main.storyboard in Resources */ = {isa = PBXBuildFile; fileRef = 9C0ADCC71F8E178400144FB9 /* Main.storyboard */; };
		9C0ADCCB1F8E178400144FB9 /* Assets.xcassets in Resources */ = {isa = PBXBuildFile; fileRef = 9C0ADCCA1F8E178400144FB9 /* Assets.xcassets */; };
		9C0ADCCE1F8E178400144FB9 /* LaunchScreen.storyboard in Resources */ = {isa = PBXBuildFile; fileRef = 9C0ADCCC1F8E178400144FB9 /* LaunchScreen.storyboard */; };
		9C0ADCD91F8E178400144FB9 /* innocvTests.swift in Sources */ = {isa = PBXBuildFile; fileRef = 9C0ADCD81F8E178400144FB9 /* innocvTests.swift */; };
		9C0ADCEB1F8E1C5800144FB9 /* GetAllUsersFromAPIManager.swift in Sources */ = {isa = PBXBuildFile; fileRef = 9C0ADCEA1F8E1C5800144FB9 /* GetAllUsersFromAPIManager.swift */; };
		9C0ADCED1F8E1C7B00144FB9 /* GetAllUsersFromAPIManagerImpl.swift in Sources */ = {isa = PBXBuildFile; fileRef = 9C0ADCEC1F8E1C7B00144FB9 /* GetAllUsersFromAPIManagerImpl.swift */; };
		9C0ADCEF1F8E1CA700144FB9 /* Utils.swift in Sources */ = {isa = PBXBuildFile; fileRef = 9C0ADCEE1F8E1CA700144FB9 /* Utils.swift */; };
		9C0ADCF11F8E1D6300144FB9 /* User.swift in Sources */ = {isa = PBXBuildFile; fileRef = 9C0ADCF01F8E1D6300144FB9 /* User.swift */; };
		9C0ADCF21F8E26A900144FB9 /* Alamofire.framework in Frameworks */ = {isa = PBXBuildFile; fileRef = 9C0ADCF31F8E26A900144FB9 /* Alamofire.framework */; };
		9C0ADCF51F8E781A00144FB9 /* GetUsersInteractor.swift in Sources */ = {isa = PBXBuildFile; fileRef = 9C0ADCF41F8E781A00144FB9 /* GetUsersInteractor.swift */; };
		9C0ADCF71F8E782A00144FB9 /* GetUsersInteractorImpl.swift in Sources */ = {isa = PBXBuildFile; fileRef = 9C0ADCF61F8E782A00144FB9 /* GetUsersInteractorImpl.swift */; };
		9C0ADCFA1F8F576A00144FB9 /* UserCell.swift in Sources */ = {isa = PBXBuildFile; fileRef = 9C0ADCF91F8F576A00144FB9 /* UserCell.swift */; };
		9C4EFCB71F8FBA2900837567 /* SaveUserManager.swift in Sources */ = {isa = PBXBuildFile; fileRef = 9C4EFCB61F8FBA2900837567 /* SaveUserManager.swift */; };
		9C4EFCB91F8FBA5700837567 /* SaveUserManagerImpl.swift in Sources */ = {isa = PBXBuildFile; fileRef = 9C4EFCB81F8FBA5700837567 /* SaveUserManagerImpl.swift */; };
		9CB09EEF1F91507100195A72 /* Date.swift in Sources */ = {isa = PBXBuildFile; fileRef = 9CB09EEE1F91507100195A72 /* Date.swift */; };
		9CB09EF11F91F70000195A72 /* CreateUserManager.swift in Sources */ = {isa = PBXBuildFile; fileRef = 9CB09EF01F91F70000195A72 /* CreateUserManager.swift */; };
		9CB09EF31F91F72300195A72 /* CreateUserImpl.swift in Sources */ = {isa = PBXBuildFile; fileRef = 9CB09EF21F91F72300195A72 /* CreateUserImpl.swift */; };
		9CC6C38D1F8FD9C100F795AE /* NewUserController.swift in Sources */ = {isa = PBXBuildFile; fileRef = 9CC6C38C1F8FD9C100F795AE /* NewUserController.swift */; };
		9CC6C38F1F90AB1000F795AE /* SaveUserInteractor.swift in Sources */ = {isa = PBXBuildFile; fileRef = 9CC6C38E1F90AB1000F795AE /* SaveUserInteractor.swift */; };
		9CC6C3911F90AB1F00F795AE /* SaveUserInteractorImpl.swift in Sources */ = {isa = PBXBuildFile; fileRef = 9CC6C3901F90AB1F00F795AE /* SaveUserInteractorImpl.swift */; };
		9CC6C3931F90AF3F00F795AE /* DeleteUserManager.swift in Sources */ = {isa = PBXBuildFile; fileRef = 9CC6C3921F90AF3F00F795AE /* DeleteUserManager.swift */; };
		9CC6C3951F90AF5600F795AE /* DeleteUserManagerImpl.swift in Sources */ = {isa = PBXBuildFile; fileRef = 9CC6C3941F90AF5600F795AE /* DeleteUserManagerImpl.swift */; };
		9CC6C3971F90F76A00F795AE /* DeleteUserInteractor.swift in Sources */ = {isa = PBXBuildFile; fileRef = 9CC6C3961F90F76A00F795AE /* DeleteUserInteractor.swift */; };
		9CC6C3991F90F77900F795AE /* DeleteUserInteractorImpl.swift in Sources */ = {isa = PBXBuildFile; fileRef = 9CC6C3981F90F77900F795AE /* DeleteUserInteractorImpl.swift */; };
		9CC6C39B1F90F9B500F795AE /* UpdateUserManager.swift in Sources */ = {isa = PBXBuildFile; fileRef = 9CC6C39A1F90F9B500F795AE /* UpdateUserManager.swift */; };
		9CC6C39D1F90F9C800F795AE /* UpdateUserManagerImpl.swift in Sources */ = {isa = PBXBuildFile; fileRef = 9CC6C39C1F90F9C800F795AE /* UpdateUserManagerImpl.swift */; };
		9CC6C39F1F90FDCA00F795AE /* UpdateUserInteractor.swift in Sources */ = {isa = PBXBuildFile; fileRef = 9CC6C39E1F90FDCA00F795AE /* UpdateUserInteractor.swift */; };
		9CC6C3A11F90FDDC00F795AE /* UpdateUserInteractorImpl.swift in Sources */ = {isa = PBXBuildFile; fileRef = 9CC6C3A01F90FDDC00F795AE /* UpdateUserInteractorImpl.swift */; };
		9CC6C3A51F91037500F795AE /* DetailController.swift in Sources */ = {isa = PBXBuildFile; fileRef = 9CC6C3A41F91037500F795AE /* DetailController.swift */; };
		9CF198E71F920246003192EC /* CreateUserInteractor.swift in Sources */ = {isa = PBXBuildFile; fileRef = 9CF198E61F920246003192EC /* CreateUserInteractor.swift */; };
		9CF198E91F920257003192EC /* CreateUserInteractorImpl.swift in Sources */ = {isa = PBXBuildFile; fileRef = 9CF198E81F920257003192EC /* CreateUserInteractorImpl.swift */; };
		E0D83B63336A90E654799B04 /* Pods_innocv.framework in Frameworks */ = {isa = PBXBuildFile; fileRef = 5234381688B8C087551DA235 /* Pods_innocv.framework */; };
/* End PBXBuildFile section */

/* Begin PBXContainerItemProxy section */
		9C0ADCD51F8E178400144FB9 /* PBXContainerItemProxy */ = {
			isa = PBXContainerItemProxy;
			containerPortal = 9C0ADCB81F8E178400144FB9 /* Project object */;
			proxyType = 1;
			remoteGlobalIDString = 9C0ADCBF1F8E178400144FB9;
			remoteInfo = innocv;
		};
/* End PBXContainerItemProxy section */

/* Begin PBXFileReference section */
		2151CBF3B4706FD2E3E10538 /* Pods-innocv.release.xcconfig */ = {isa = PBXFileReference; includeInIndex = 1; lastKnownFileType = text.xcconfig; name = "Pods-innocv.release.xcconfig"; path = "Pods/Target Support Files/Pods-innocv/Pods-innocv.release.xcconfig"; sourceTree = "<group>"; };
		49E8E10AA4BB37331485A1B8 /* Pods-innocvTests.debug.xcconfig */ = {isa = PBXFileReference; includeInIndex = 1; lastKnownFileType = text.xcconfig; name = "Pods-innocvTests.debug.xcconfig"; path = "Pods/Target Support Files/Pods-innocvTests/Pods-innocvTests.debug.xcconfig"; sourceTree = "<group>"; };
		5234381688B8C087551DA235 /* Pods_innocv.framework */ = {isa = PBXFileReference; explicitFileType = wrapper.framework; includeInIndex = 0; path = Pods_innocv.framework; sourceTree = BUILT_PRODUCTS_DIR; };
		69254C05FDADF930CC0E5459 /* Pods-innocv.debug.xcconfig */ = {isa = PBXFileReference; includeInIndex = 1; lastKnownFileType = text.xcconfig; name = "Pods-innocv.debug.xcconfig"; path = "Pods/Target Support Files/Pods-innocv/Pods-innocv.debug.xcconfig"; sourceTree = "<group>"; };
		8AB6FA26D96E014F6B1EE300 /* Pods-innocvTests.release.xcconfig */ = {isa = PBXFileReference; includeInIndex = 1; lastKnownFileType = text.xcconfig; name = "Pods-innocvTests.release.xcconfig"; path = "Pods/Target Support Files/Pods-innocvTests/Pods-innocvTests.release.xcconfig"; sourceTree = "<group>"; };
		9C0ADCC01F8E178400144FB9 /* innocv.app */ = {isa = PBXFileReference; explicitFileType = wrapper.application; includeInIndex = 0; path = innocv.app; sourceTree = BUILT_PRODUCTS_DIR; };
		9C0ADCC31F8E178400144FB9 /* AppDelegate.swift */ = {isa = PBXFileReference; lastKnownFileType = sourcecode.swift; path = AppDelegate.swift; sourceTree = "<group>"; };
		9C0ADCC51F8E178400144FB9 /* ListOfUsersController.swift */ = {isa = PBXFileReference; lastKnownFileType = sourcecode.swift; path = ListOfUsersController.swift; sourceTree = "<group>"; };
		9C0ADCC81F8E178400144FB9 /* Base */ = {isa = PBXFileReference; lastKnownFileType = file.storyboard; name = Base; path = Base.lproj/Main.storyboard; sourceTree = "<group>"; };
		9C0ADCCA1F8E178400144FB9 /* Assets.xcassets */ = {isa = PBXFileReference; lastKnownFileType = folder.assetcatalog; path = Assets.xcassets; sourceTree = "<group>"; };
		9C0ADCCD1F8E178400144FB9 /* Base */ = {isa = PBXFileReference; lastKnownFileType = file.storyboard; name = Base; path = Base.lproj/LaunchScreen.storyboard; sourceTree = "<group>"; };
		9C0ADCCF1F8E178400144FB9 /* Info.plist */ = {isa = PBXFileReference; lastKnownFileType = text.plist.xml; path = Info.plist; sourceTree = "<group>"; };
		9C0ADCD41F8E178400144FB9 /* innocvTests.xctest */ = {isa = PBXFileReference; explicitFileType = wrapper.cfbundle; includeInIndex = 0; path = innocvTests.xctest; sourceTree = BUILT_PRODUCTS_DIR; };
		9C0ADCD81F8E178400144FB9 /* innocvTests.swift */ = {isa = PBXFileReference; lastKnownFileType = sourcecode.swift; path = innocvTests.swift; sourceTree = "<group>"; };
		9C0ADCDA1F8E178400144FB9 /* Info.plist */ = {isa = PBXFileReference; lastKnownFileType = text.plist.xml; path = Info.plist; sourceTree = "<group>"; };
		9C0ADCEA1F8E1C5800144FB9 /* GetAllUsersFromAPIManager.swift */ = {isa = PBXFileReference; lastKnownFileType = sourcecode.swift; path = GetAllUsersFromAPIManager.swift; sourceTree = "<group>"; };
		9C0ADCEC1F8E1C7B00144FB9 /* GetAllUsersFromAPIManagerImpl.swift */ = {isa = PBXFileReference; lastKnownFileType = sourcecode.swift; path = GetAllUsersFromAPIManagerImpl.swift; sourceTree = "<group>"; };
		9C0ADCEE1F8E1CA700144FB9 /* Utils.swift */ = {isa = PBXFileReference; lastKnownFileType = sourcecode.swift; path = Utils.swift; sourceTree = "<group>"; };
		9C0ADCF01F8E1D6300144FB9 /* User.swift */ = {isa = PBXFileReference; lastKnownFileType = sourcecode.swift; path = User.swift; sourceTree = "<group>"; };
		9C0ADCF31F8E26A900144FB9 /* Alamofire.framework */ = {isa = PBXFileReference; explicitFileType = wrapper.framework; path = Alamofire.framework; sourceTree = BUILT_PRODUCTS_DIR; };
		9C0ADCF41F8E781A00144FB9 /* GetUsersInteractor.swift */ = {isa = PBXFileReference; lastKnownFileType = sourcecode.swift; path = GetUsersInteractor.swift; sourceTree = "<group>"; };
		9C0ADCF61F8E782A00144FB9 /* GetUsersInteractorImpl.swift */ = {isa = PBXFileReference; lastKnownFileType = sourcecode.swift; path = GetUsersInteractorImpl.swift; sourceTree = "<group>"; };
		9C0ADCF91F8F576A00144FB9 /* UserCell.swift */ = {isa = PBXFileReference; lastKnownFileType = sourcecode.swift; path = UserCell.swift; sourceTree = "<group>"; };
		9C4EFCB61F8FBA2900837567 /* SaveUserManager.swift */ = {isa = PBXFileReference; lastKnownFileType = sourcecode.swift; path = SaveUserManager.swift; sourceTree = "<group>"; };
		9C4EFCB81F8FBA5700837567 /* SaveUserManagerImpl.swift */ = {isa = PBXFileReference; lastKnownFileType = sourcecode.swift; path = SaveUserManagerImpl.swift; sourceTree = "<group>"; };
		9CB09EEE1F91507100195A72 /* Date.swift */ = {isa = PBXFileReference; lastKnownFileType = sourcecode.swift; path = Date.swift; sourceTree = "<group>"; };
		9CB09EF01F91F70000195A72 /* CreateUserManager.swift */ = {isa = PBXFileReference; lastKnownFileType = sourcecode.swift; path = CreateUserManager.swift; sourceTree = "<group>"; };
		9CB09EF21F91F72300195A72 /* CreateUserImpl.swift */ = {isa = PBXFileReference; lastKnownFileType = sourcecode.swift; path = CreateUserImpl.swift; sourceTree = "<group>"; };
		9CC6C38C1F8FD9C100F795AE /* NewUserController.swift */ = {isa = PBXFileReference; lastKnownFileType = sourcecode.swift; path = NewUserController.swift; sourceTree = "<group>"; };
		9CC6C38E1F90AB1000F795AE /* SaveUserInteractor.swift */ = {isa = PBXFileReference; lastKnownFileType = sourcecode.swift; path = SaveUserInteractor.swift; sourceTree = "<group>"; };
		9CC6C3901F90AB1F00F795AE /* SaveUserInteractorImpl.swift */ = {isa = PBXFileReference; lastKnownFileType = sourcecode.swift; path = SaveUserInteractorImpl.swift; sourceTree = "<group>"; };
		9CC6C3921F90AF3F00F795AE /* DeleteUserManager.swift */ = {isa = PBXFileReference; lastKnownFileType = sourcecode.swift; path = DeleteUserManager.swift; sourceTree = "<group>"; };
		9CC6C3941F90AF5600F795AE /* DeleteUserManagerImpl.swift */ = {isa = PBXFileReference; lastKnownFileType = sourcecode.swift; path = DeleteUserManagerImpl.swift; sourceTree = "<group>"; };
		9CC6C3961F90F76A00F795AE /* DeleteUserInteractor.swift */ = {isa = PBXFileReference; lastKnownFileType = sourcecode.swift; path = DeleteUserInteractor.swift; sourceTree = "<group>"; };
		9CC6C3981F90F77900F795AE /* DeleteUserInteractorImpl.swift */ = {isa = PBXFileReference; lastKnownFileType = sourcecode.swift; path = DeleteUserInteractorImpl.swift; sourceTree = "<group>"; };
		9CC6C39A1F90F9B500F795AE /* UpdateUserManager.swift */ = {isa = PBXFileReference; lastKnownFileType = sourcecode.swift; path = UpdateUserManager.swift; sourceTree = "<group>"; };
		9CC6C39C1F90F9C800F795AE /* UpdateUserManagerImpl.swift */ = {isa = PBXFileReference; lastKnownFileType = sourcecode.swift; path = UpdateUserManagerImpl.swift; sourceTree = "<group>"; };
		9CC6C39E1F90FDCA00F795AE /* UpdateUserInteractor.swift */ = {isa = PBXFileReference; lastKnownFileType = sourcecode.swift; path = UpdateUserInteractor.swift; sourceTree = "<group>"; };
		9CC6C3A01F90FDDC00F795AE /* UpdateUserInteractorImpl.swift */ = {isa = PBXFileReference; lastKnownFileType = sourcecode.swift; path = UpdateUserInteractorImpl.swift; sourceTree = "<group>"; };
		9CC6C3A41F91037500F795AE /* DetailController.swift */ = {isa = PBXFileReference; lastKnownFileType = sourcecode.swift; path = DetailController.swift; sourceTree = "<group>"; };
		9CF198E61F920246003192EC /* CreateUserInteractor.swift */ = {isa = PBXFileReference; lastKnownFileType = sourcecode.swift; path = CreateUserInteractor.swift; sourceTree = "<group>"; };
		9CF198E81F920257003192EC /* CreateUserInteractorImpl.swift */ = {isa = PBXFileReference; lastKnownFileType = sourcecode.swift; path = CreateUserInteractorImpl.swift; sourceTree = "<group>"; };
		DF154C088873F69F27DCC40F /* Pods_innocvTests.framework */ = {isa = PBXFileReference; explicitFileType = wrapper.framework; includeInIndex = 0; path = Pods_innocvTests.framework; sourceTree = BUILT_PRODUCTS_DIR; };
/* End PBXFileReference section */

/* Begin PBXFrameworksBuildPhase section */
		9C0ADCBD1F8E178400144FB9 /* Frameworks */ = {
			isa = PBXFrameworksBuildPhase;
			buildActionMask = 2147483647;
			files = (
				9C0ADCF21F8E26A900144FB9 /* Alamofire.framework in Frameworks */,
				E0D83B63336A90E654799B04 /* Pods_innocv.framework in Frameworks */,
			);
			runOnlyForDeploymentPostprocessing = 0;
		};
		9C0ADCD11F8E178400144FB9 /* Frameworks */ = {
			isa = PBXFrameworksBuildPhase;
			buildActionMask = 2147483647;
			files = (
				1BD22AF93F6CF588201B5503 /* Pods_innocvTests.framework in Frameworks */,
			);
			runOnlyForDeploymentPostprocessing = 0;
		};
/* End PBXFrameworksBuildPhase section */

/* Begin PBXGroup section */
		17C43B1E159C1038B11C7D68 /* Pods */ = {
			isa = PBXGroup;
			children = (
				69254C05FDADF930CC0E5459 /* Pods-innocv.debug.xcconfig */,
				2151CBF3B4706FD2E3E10538 /* Pods-innocv.release.xcconfig */,
				49E8E10AA4BB37331485A1B8 /* Pods-innocvTests.debug.xcconfig */,
				8AB6FA26D96E014F6B1EE300 /* Pods-innocvTests.release.xcconfig */,
			);
			name = Pods;
			sourceTree = "<group>";
		};
		817342DE245CC44E1145F0B5 /* Frameworks */ = {
			isa = PBXGroup;
			children = (
				9C0ADCF31F8E26A900144FB9 /* Alamofire.framework */,
				5234381688B8C087551DA235 /* Pods_innocv.framework */,
				DF154C088873F69F27DCC40F /* Pods_innocvTests.framework */,
			);
			name = Frameworks;
			sourceTree = "<group>";
		};
		9C0ADCB71F8E178400144FB9 = {
			isa = PBXGroup;
			children = (
				9C0ADCC21F8E178400144FB9 /* innocv */,
				9C0ADCD71F8E178400144FB9 /* innocvTests */,
				9C0ADCC11F8E178400144FB9 /* Products */,
				17C43B1E159C1038B11C7D68 /* Pods */,
				817342DE245CC44E1145F0B5 /* Frameworks */,
			);
			sourceTree = "<group>";
		};
		9C0ADCC11F8E178400144FB9 /* Products */ = {
			isa = PBXGroup;
			children = (
				9C0ADCC01F8E178400144FB9 /* innocv.app */,
				9C0ADCD41F8E178400144FB9 /* innocvTests.xctest */,
			);
			name = Products;
			sourceTree = "<group>";
		};
		9C0ADCC21F8E178400144FB9 /* innocv */ = {
			isa = PBXGroup;
			children = (
				9CB09EED1F91505700195A72 /* Extensions */,
				9C0ADCE91F8E189D00144FB9 /* Application Delegate */,
				9C0ADCE81F8E189300144FB9 /* Managers */,
				9C0ADCE71F8E187800144FB9 /* Interactors */,
				9C0ADCE61F8E187200144FB9 /* Utils */,
				9C0ADCE51F8E186B00144FB9 /* Controllers */,
				9C0ADCE41F8E186400144FB9 /* Views */,
				9C0ADCE31F8E185700144FB9 /* Models */,
				9C0ADCCF1F8E178400144FB9 /* Info.plist */,
			);
			path = innocv;
			sourceTree = "<group>";
		};
		9C0ADCD71F8E178400144FB9 /* innocvTests */ = {
			isa = PBXGroup;
			children = (
				9C0ADCD81F8E178400144FB9 /* innocvTests.swift */,
				9C0ADCDA1F8E178400144FB9 /* Info.plist */,
			);
			path = innocvTests;
			sourceTree = "<group>";
		};
		9C0ADCE31F8E185700144FB9 /* Models */ = {
			isa = PBXGroup;
			children = (
				9C0ADCF01F8E1D6300144FB9 /* User.swift */,
			);
			path = Models;
			sourceTree = "<group>";
		};
		9C0ADCE41F8E186400144FB9 /* Views */ = {
			isa = PBXGroup;
			children = (
				9C0ADCC71F8E178400144FB9 /* Main.storyboard */,
				9C0ADCCC1F8E178400144FB9 /* LaunchScreen.storyboard */,
				9C0ADCCA1F8E178400144FB9 /* Assets.xcassets */,
			);
			path = Views;
			sourceTree = "<group>";
		};
		9C0ADCE51F8E186B00144FB9 /* Controllers */ = {
			isa = PBXGroup;
			children = (
				9C0ADCF81F8F574B00144FB9 /* Cell */,
				9C0ADCC51F8E178400144FB9 /* ListOfUsersController.swift */,
				9CC6C38C1F8FD9C100F795AE /* NewUserController.swift */,
				9CC6C3A41F91037500F795AE /* DetailController.swift */,
			);
			path = Controllers;
			sourceTree = "<group>";
		};
		9C0ADCE61F8E187200144FB9 /* Utils */ = {
			isa = PBXGroup;
			children = (
				9C0ADCEE1F8E1CA700144FB9 /* Utils.swift */,
			);
			path = Utils;
			sourceTree = "<group>";
		};
		9C0ADCE71F8E187800144FB9 /* Interactors */ = {
			isa = PBXGroup;
			children = (
				9C0ADCF41F8E781A00144FB9 /* GetUsersInteractor.swift */,
				9C0ADCF61F8E782A00144FB9 /* GetUsersInteractorImpl.swift */,
				9CC6C38E1F90AB1000F795AE /* SaveUserInteractor.swift */,
				9CC6C3901F90AB1F00F795AE /* SaveUserInteractorImpl.swift */,
				9CC6C3961F90F76A00F795AE /* DeleteUserInteractor.swift */,
				9CC6C3981F90F77900F795AE /* DeleteUserInteractorImpl.swift */,
				9CC6C39E1F90FDCA00F795AE /* UpdateUserInteractor.swift */,
				9CC6C3A01F90FDDC00F795AE /* UpdateUserInteractorImpl.swift */,
				9CF198E61F920246003192EC /* CreateUserInteractor.swift */,
				9CF198E81F920257003192EC /* CreateUserInteractorImpl.swift */,
			);
			path = Interactors;
			sourceTree = "<group>";
		};
		9C0ADCE81F8E189300144FB9 /* Managers */ = {
			isa = PBXGroup;
			children = (
				9C0ADCEA1F8E1C5800144FB9 /* GetAllUsersFromAPIManager.swift */,
				9C0ADCEC1F8E1C7B00144FB9 /* GetAllUsersFromAPIManagerImpl.swift */,
				9C4EFCB61F8FBA2900837567 /* SaveUserManager.swift */,
				9C4EFCB81F8FBA5700837567 /* SaveUserManagerImpl.swift */,
				9CC6C3921F90AF3F00F795AE /* DeleteUserManager.swift */,
				9CC6C3941F90AF5600F795AE /* DeleteUserManagerImpl.swift */,
				9CC6C39A1F90F9B500F795AE /* UpdateUserManager.swift */,
				9CC6C39C1F90F9C800F795AE /* UpdateUserManagerImpl.swift */,
				9CB09EF01F91F70000195A72 /* CreateUserManager.swift */,
				9CB09EF21F91F72300195A72 /* CreateUserImpl.swift */,
			);
			path = Managers;
			sourceTree = "<group>";
		};
		9C0ADCE91F8E189D00144FB9 /* Application Delegate */ = {
			isa = PBXGroup;
			children = (
				9C0ADCC31F8E178400144FB9 /* AppDelegate.swift */,
			);
			path = "Application Delegate";
			sourceTree = "<group>";
		};
		9C0ADCF81F8F574B00144FB9 /* Cell */ = {
			isa = PBXGroup;
			children = (
				9C0ADCF91F8F576A00144FB9 /* UserCell.swift */,
			);
			path = Cell;
			sourceTree = "<group>";
		};
		9CB09EED1F91505700195A72 /* Extensions */ = {
			isa = PBXGroup;
			children = (
				9CB09EEE1F91507100195A72 /* Date.swift */,
			);
			path = Extensions;
			sourceTree = "<group>";
		};
/* End PBXGroup section */

/* Begin PBXNativeTarget section */
		9C0ADCBF1F8E178400144FB9 /* innocv */ = {
			isa = PBXNativeTarget;
			buildConfigurationList = 9C0ADCDD1F8E178400144FB9 /* Build configuration list for PBXNativeTarget "innocv" */;
			buildPhases = (
				6F15F93C46832CC9FFBA66C9 /* [CP] Check Pods Manifest.lock */,
				9C0ADCBC1F8E178400144FB9 /* Sources */,
				9C0ADCBD1F8E178400144FB9 /* Frameworks */,
				9C0ADCBE1F8E178400144FB9 /* Resources */,
				D248036744A15CC675290327 /* [CP] Embed Pods Frameworks */,
				F63A0063CD775785916A6D6D /* [CP] Copy Pods Resources */,
			);
			buildRules = (
			);
			dependencies = (
			);
			name = innocv;
			productName = innocv;
			productReference = 9C0ADCC01F8E178400144FB9 /* innocv.app */;
			productType = "com.apple.product-type.application";
		};
		9C0ADCD31F8E178400144FB9 /* innocvTests */ = {
			isa = PBXNativeTarget;
			buildConfigurationList = 9C0ADCE01F8E178400144FB9 /* Build configuration list for PBXNativeTarget "innocvTests" */;
			buildPhases = (
				C26D483DDCAC0A1BFA18CD9D /* [CP] Check Pods Manifest.lock */,
				9C0ADCD01F8E178400144FB9 /* Sources */,
				9C0ADCD11F8E178400144FB9 /* Frameworks */,
				9C0ADCD21F8E178400144FB9 /* Resources */,
				129D35D655699D9E072D9A92 /* [CP] Embed Pods Frameworks */,
				FE1AA6F796F25EB5CD440206 /* [CP] Copy Pods Resources */,
			);
			buildRules = (
			);
			dependencies = (
				9C0ADCD61F8E178400144FB9 /* PBXTargetDependency */,
			);
			name = innocvTests;
			productName = innocvTests;
			productReference = 9C0ADCD41F8E178400144FB9 /* innocvTests.xctest */;
			productType = "com.apple.product-type.bundle.unit-test";
		};
/* End PBXNativeTarget section */

/* Begin PBXProject section */
		9C0ADCB81F8E178400144FB9 /* Project object */ = {
			isa = PBXProject;
			attributes = {
				LastSwiftUpdateCheck = 0900;
				LastUpgradeCheck = 0900;
				ORGANIZATIONNAME = "Eugenio Barquín";
				TargetAttributes = {
					9C0ADCBF1F8E178400144FB9 = {
						CreatedOnToolsVersion = 9.0;
						ProvisioningStyle = Automatic;
					};
					9C0ADCD31F8E178400144FB9 = {
						CreatedOnToolsVersion = 9.0;
						ProvisioningStyle = Automatic;
						TestTargetID = 9C0ADCBF1F8E178400144FB9;
					};
				};
			};
			buildConfigurationList = 9C0ADCBB1F8E178400144FB9 /* Build configuration list for PBXProject "innocv" */;
			compatibilityVersion = "Xcode 8.0";
			developmentRegion = en;
			hasScannedForEncodings = 0;
			knownRegions = (
				en,
				Base,
			);
			mainGroup = 9C0ADCB71F8E178400144FB9;
			productRefGroup = 9C0ADCC11F8E178400144FB9 /* Products */;
			projectDirPath = "";
			projectRoot = "";
			targets = (
				9C0ADCBF1F8E178400144FB9 /* innocv */,
				9C0ADCD31F8E178400144FB9 /* innocvTests */,
			);
		};
/* End PBXProject section */

/* Begin PBXResourcesBuildPhase section */
		9C0ADCBE1F8E178400144FB9 /* Resources */ = {
			isa = PBXResourcesBuildPhase;
			buildActionMask = 2147483647;
			files = (
				9C0ADCCE1F8E178400144FB9 /* LaunchScreen.storyboard in Resources */,
				9C0ADCCB1F8E178400144FB9 /* Assets.xcassets in Resources */,
				9C0ADCC91F8E178400144FB9 /* Main.storyboard in Resources */,
			);
			runOnlyForDeploymentPostprocessing = 0;
		};
		9C0ADCD21F8E178400144FB9 /* Resources */ = {
			isa = PBXResourcesBuildPhase;
			buildActionMask = 2147483647;
			files = (
			);
			runOnlyForDeploymentPostprocessing = 0;
		};
/* End PBXResourcesBuildPhase section */

/* Begin PBXShellScriptBuildPhase section */
		129D35D655699D9E072D9A92 /* [CP] Embed Pods Frameworks */ = {
			isa = PBXShellScriptBuildPhase;
			buildActionMask = 2147483647;
			files = (
			);
			inputPaths = (
			);
			name = "[CP] Embed Pods Frameworks";
			outputPaths = (
			);
			runOnlyForDeploymentPostprocessing = 0;
			shellPath = /bin/sh;
			shellScript = "\"${SRCROOT}/Pods/Target Support Files/Pods-innocvTests/Pods-innocvTests-frameworks.sh\"\n";
			showEnvVarsInLog = 0;
		};
		6F15F93C46832CC9FFBA66C9 /* [CP] Check Pods Manifest.lock */ = {
			isa = PBXShellScriptBuildPhase;
			buildActionMask = 2147483647;
			files = (
			);
			inputPaths = (
			);
			name = "[CP] Check Pods Manifest.lock";
			outputPaths = (
			);
			runOnlyForDeploymentPostprocessing = 0;
			shellPath = /bin/sh;
			shellScript = "diff \"${PODS_ROOT}/../Podfile.lock\" \"${PODS_ROOT}/Manifest.lock\" > /dev/null\nif [ $? != 0 ] ; then\n    # print error to STDERR\n    echo \"error: The sandbox is not in sync with the Podfile.lock. Run 'pod install' or update your CocoaPods installation.\" >&2\n    exit 1\nfi\n";
			showEnvVarsInLog = 0;
		};
		C26D483DDCAC0A1BFA18CD9D /* [CP] Check Pods Manifest.lock */ = {
			isa = PBXShellScriptBuildPhase;
			buildActionMask = 2147483647;
			files = (
			);
			inputPaths = (
			);
			name = "[CP] Check Pods Manifest.lock";
			outputPaths = (
			);
			runOnlyForDeploymentPostprocessing = 0;
			shellPath = /bin/sh;
			shellScript = "diff \"${PODS_ROOT}/../Podfile.lock\" \"${PODS_ROOT}/Manifest.lock\" > /dev/null\nif [ $? != 0 ] ; then\n    # print error to STDERR\n    echo \"error: The sandbox is not in sync with the Podfile.lock. Run 'pod install' or update your CocoaPods installation.\" >&2\n    exit 1\nfi\n";
			showEnvVarsInLog = 0;
		};
		D248036744A15CC675290327 /* [CP] Embed Pods Frameworks */ = {
			isa = PBXShellScriptBuildPhase;
			buildActionMask = 2147483647;
			files = (
			);
			inputPaths = (
			);
			name = "[CP] Embed Pods Frameworks";
			outputPaths = (
			);
			runOnlyForDeploymentPostprocessing = 0;
			shellPath = /bin/sh;
			shellScript = "\"${SRCROOT}/Pods/Target Support Files/Pods-innocv/Pods-innocv-frameworks.sh\"\n";
			showEnvVarsInLog = 0;
		};
		F63A0063CD775785916A6D6D /* [CP] Copy Pods Resources */ = {
			isa = PBXShellScriptBuildPhase;
			buildActionMask = 2147483647;
			files = (
			);
			inputPaths = (
			);
			name = "[CP] Copy Pods Resources";
			outputPaths = (
			);
			runOnlyForDeploymentPostprocessing = 0;
			shellPath = /bin/sh;
			shellScript = "\"${SRCROOT}/Pods/Target Support Files/Pods-innocv/Pods-innocv-resources.sh\"\n";
			showEnvVarsInLog = 0;
		};
		FE1AA6F796F25EB5CD440206 /* [CP] Copy Pods Resources */ = {
			isa = PBXShellScriptBuildPhase;
			buildActionMask = 2147483647;
			files = (
			);
			inputPaths = (
			);
			name = "[CP] Copy Pods Resources";
			outputPaths = (
			);
			runOnlyForDeploymentPostprocessing = 0;
			shellPath = /bin/sh;
			shellScript = "\"${SRCROOT}/Pods/Target Support Files/Pods-innocvTests/Pods-innocvTests-resources.sh\"\n";
			showEnvVarsInLog = 0;
		};
/* End PBXShellScriptBuildPhase section */

/* Begin PBXSourcesBuildPhase section */
		9C0ADCBC1F8E178400144FB9 /* Sources */ = {
			isa = PBXSourcesBuildPhase;
			buildActionMask = 2147483647;
			files = (
				9C4EFCB71F8FBA2900837567 /* SaveUserManager.swift in Sources */,
				9C0ADCEF1F8E1CA700144FB9 /* Utils.swift in Sources */,
				9C0ADCF51F8E781A00144FB9 /* GetUsersInteractor.swift in Sources */,
				9C0ADCF11F8E1D6300144FB9 /* User.swift in Sources */,
				9CC6C38F1F90AB1000F795AE /* SaveUserInteractor.swift in Sources */,
				9CC6C3951F90AF5600F795AE /* DeleteUserManagerImpl.swift in Sources */,
				9CC6C3991F90F77900F795AE /* DeleteUserInteractorImpl.swift in Sources */,
				9CB09EF11F91F70000195A72 /* CreateUserManager.swift in Sources */,
				9C0ADCED1F8E1C7B00144FB9 /* GetAllUsersFromAPIManagerImpl.swift in Sources */,
				9C0ADCEB1F8E1C5800144FB9 /* GetAllUsersFromAPIManager.swift in Sources */,
				9C0ADCFA1F8F576A00144FB9 /* UserCell.swift in Sources */,
				9CC6C3971F90F76A00F795AE /* DeleteUserInteractor.swift in Sources */,
				9CC6C3911F90AB1F00F795AE /* SaveUserInteractorImpl.swift in Sources */,
				9CF198E91F920257003192EC /* CreateUserInteractorImpl.swift in Sources */,
				9CC6C3931F90AF3F00F795AE /* DeleteUserManager.swift in Sources */,
				9CF198E71F920246003192EC /* CreateUserInteractor.swift in Sources */,
				9CC6C3A51F91037500F795AE /* DetailController.swift in Sources */,
				9CC6C39B1F90F9B500F795AE /* UpdateUserManager.swift in Sources */,
				9CC6C39F1F90FDCA00F795AE /* UpdateUserInteractor.swift in Sources */,
				9C0ADCC61F8E178400144FB9 /* ListOfUsersController.swift in Sources */,
				9CC6C3A11F90FDDC00F795AE /* UpdateUserInteractorImpl.swift in Sources */,
				9C0ADCF71F8E782A00144FB9 /* GetUsersInteractorImpl.swift in Sources */,
				9CB09EEF1F91507100195A72 /* Date.swift in Sources */,
				9CC6C39D1F90F9C800F795AE /* UpdateUserManagerImpl.swift in Sources */,
				9C0ADCC41F8E178400144FB9 /* AppDelegate.swift in Sources */,
				9C4EFCB91F8FBA5700837567 /* SaveUserManagerImpl.swift in Sources */,
				9CB09EF31F91F72300195A72 /* CreateUserImpl.swift in Sources */,
				9CC6C38D1F8FD9C100F795AE /* NewUserController.swift in Sources */,
			);
			runOnlyForDeploymentPostprocessing = 0;
		};
		9C0ADCD01F8E178400144FB9 /* Sources */ = {
			isa = PBXSourcesBuildPhase;
			buildActionMask = 2147483647;
			files = (
				9C0ADCD91F8E178400144FB9 /* innocvTests.swift in Sources */,
			);
			runOnlyForDeploymentPostprocessing = 0;
		};
/* End PBXSourcesBuildPhase section */

/* Begin PBXTargetDependency section */
		9C0ADCD61F8E178400144FB9 /* PBXTargetDependency */ = {
			isa = PBXTargetDependency;
			target = 9C0ADCBF1F8E178400144FB9 /* innocv */;
			targetProxy = 9C0ADCD51F8E178400144FB9 /* PBXContainerItemProxy */;
		};
/* End PBXTargetDependency section */

/* Begin PBXVariantGroup section */
		9C0ADCC71F8E178400144FB9 /* Main.storyboard */ = {
			isa = PBXVariantGroup;
			children = (
				9C0ADCC81F8E178400144FB9 /* Base */,
			);
			name = Main.storyboard;
			sourceTree = "<group>";
		};
		9C0ADCCC1F8E178400144FB9 /* LaunchScreen.storyboard */ = {
			isa = PBXVariantGroup;
			children = (
				9C0ADCCD1F8E178400144FB9 /* Base */,
			);
			name = LaunchScreen.storyboard;
			sourceTree = "<group>";
		};
/* End PBXVariantGroup section */

/* Begin XCBuildConfiguration section */
		9C0ADCDB1F8E178400144FB9 /* Debug */ = {
			isa = XCBuildConfiguration;
			buildSettings = {
				ALWAYS_SEARCH_USER_PATHS = NO;
				CLANG_ANALYZER_NONNULL = YES;
				CLANG_ANALYZER_NUMBER_OBJECT_CONVERSION = YES_AGGRESSIVE;
				CLANG_CXX_LANGUAGE_STANDARD = "gnu++14";
				CLANG_CXX_LIBRARY = "libc++";
				CLANG_ENABLE_MODULES = YES;
				CLANG_ENABLE_OBJC_ARC = YES;
				CLANG_WARN_BLOCK_CAPTURE_AUTORELEASING = YES;
				CLANG_WARN_BOOL_CONVERSION = YES;
				CLANG_WARN_COMMA = YES;
				CLANG_WARN_CONSTANT_CONVERSION = YES;
				CLANG_WARN_DIRECT_OBJC_ISA_USAGE = YES_ERROR;
				CLANG_WARN_DOCUMENTATION_COMMENTS = YES;
				CLANG_WARN_EMPTY_BODY = YES;
				CLANG_WARN_ENUM_CONVERSION = YES;
				CLANG_WARN_INFINITE_RECURSION = YES;
				CLANG_WARN_INT_CONVERSION = YES;
				CLANG_WARN_NON_LITERAL_NULL_CONVERSION = YES;
				CLANG_WARN_OBJC_LITERAL_CONVERSION = YES;
				CLANG_WARN_OBJC_ROOT_CLASS = YES_ERROR;
				CLANG_WARN_RANGE_LOOP_ANALYSIS = YES;
				CLANG_WARN_STRICT_PROTOTYPES = YES;
				CLANG_WARN_SUSPICIOUS_MOVE = YES;
				CLANG_WARN_UNGUARDED_AVAILABILITY = YES_AGGRESSIVE;
				CLANG_WARN_UNREACHABLE_CODE = YES;
				CLANG_WARN__DUPLICATE_METHOD_MATCH = YES;
				CODE_SIGN_IDENTITY = "iPhone Developer";
				COPY_PHASE_STRIP = NO;
				DEBUG_INFORMATION_FORMAT = dwarf;
				ENABLE_STRICT_OBJC_MSGSEND = YES;
				ENABLE_TESTABILITY = YES;
				GCC_C_LANGUAGE_STANDARD = gnu11;
				GCC_DYNAMIC_NO_PIC = NO;
				GCC_NO_COMMON_BLOCKS = YES;
				GCC_OPTIMIZATION_LEVEL = 0;
				GCC_PREPROCESSOR_DEFINITIONS = (
					"DEBUG=1",
					"$(inherited)",
				);
				GCC_WARN_64_TO_32_BIT_CONVERSION = YES;
				GCC_WARN_ABOUT_RETURN_TYPE = YES_ERROR;
				GCC_WARN_UNDECLARED_SELECTOR = YES;
				GCC_WARN_UNINITIALIZED_AUTOS = YES_AGGRESSIVE;
				GCC_WARN_UNUSED_FUNCTION = YES;
				GCC_WARN_UNUSED_VARIABLE = YES;
				IPHONEOS_DEPLOYMENT_TARGET = 11.0;
				MTL_ENABLE_DEBUG_INFO = YES;
				ONLY_ACTIVE_ARCH = YES;
				SDKROOT = iphoneos;
				SWIFT_ACTIVE_COMPILATION_CONDITIONS = DEBUG;
				SWIFT_OPTIMIZATION_LEVEL = "-Onone";
			};
			name = Debug;
		};
		9C0ADCDC1F8E178400144FB9 /* Release */ = {
			isa = XCBuildConfiguration;
			buildSettings = {
				ALWAYS_SEARCH_USER_PATHS = NO;
				CLANG_ANALYZER_NONNULL = YES;
				CLANG_ANALYZER_NUMBER_OBJECT_CONVERSION = YES_AGGRESSIVE;
				CLANG_CXX_LANGUAGE_STANDARD = "gnu++14";
				CLANG_CXX_LIBRARY = "libc++";
				CLANG_ENABLE_MODULES = YES;
				CLANG_ENABLE_OBJC_ARC = YES;
				CLANG_WARN_BLOCK_CAPTURE_AUTORELEASING = YES;
				CLANG_WARN_BOOL_CONVERSION = YES;
				CLANG_WARN_COMMA = YES;
				CLANG_WARN_CONSTANT_CONVERSION = YES;
				CLANG_WARN_DIRECT_OBJC_ISA_USAGE = YES_ERROR;
				CLANG_WARN_DOCUMENTATION_COMMENTS = YES;
				CLANG_WARN_EMPTY_BODY = YES;
				CLANG_WARN_ENUM_CONVERSION = YES;
				CLANG_WARN_INFINITE_RECURSION = YES;
				CLANG_WARN_INT_CONVERSION = YES;
				CLANG_WARN_NON_LITERAL_NULL_CONVERSION = YES;
				CLANG_WARN_OBJC_LITERAL_CONVERSION = YES;
				CLANG_WARN_OBJC_ROOT_CLASS = YES_ERROR;
				CLANG_WARN_RANGE_LOOP_ANALYSIS = YES;
				CLANG_WARN_STRICT_PROTOTYPES = YES;
				CLANG_WARN_SUSPICIOUS_MOVE = YES;
				CLANG_WARN_UNGUARDED_AVAILABILITY = YES_AGGRESSIVE;
				CLANG_WARN_UNREACHABLE_CODE = YES;
				CLANG_WARN__DUPLICATE_METHOD_MATCH = YES;
				CODE_SIGN_IDENTITY = "iPhone Developer";
				COPY_PHASE_STRIP = NO;
				DEBUG_INFORMATION_FORMAT = "dwarf-with-dsym";
				ENABLE_NS_ASSERTIONS = NO;
				ENABLE_STRICT_OBJC_MSGSEND = YES;
				GCC_C_LANGUAGE_STANDARD = gnu11;
				GCC_NO_COMMON_BLOCKS = YES;
				GCC_WARN_64_TO_32_BIT_CONVERSION = YES;
				GCC_WARN_ABOUT_RETURN_TYPE = YES_ERROR;
				GCC_WARN_UNDECLARED_SELECTOR = YES;
				GCC_WARN_UNINITIALIZED_AUTOS = YES_AGGRESSIVE;
				GCC_WARN_UNUSED_FUNCTION = YES;
				GCC_WARN_UNUSED_VARIABLE = YES;
				IPHONEOS_DEPLOYMENT_TARGET = 11.0;
				MTL_ENABLE_DEBUG_INFO = NO;
				SDKROOT = iphoneos;
				SWIFT_OPTIMIZATION_LEVEL = "-Owholemodule";
				VALIDATE_PRODUCT = YES;
			};
			name = Release;
		};
		9C0ADCDE1F8E178400144FB9 /* Debug */ = {
			isa = XCBuildConfiguration;
			baseConfigurationReference = 69254C05FDADF930CC0E5459 /* Pods-innocv.debug.xcconfig */;
			buildSettings = {
				ASSETCATALOG_COMPILER_APPICON_NAME = AppIcon;
				CODE_SIGN_STYLE = Automatic;
				DEVELOPMENT_TEAM = 3XPZ2XV3WU;
				INFOPLIST_FILE = innocv/Info.plist;
				LD_RUNPATH_SEARCH_PATHS = "$(inherited) @executable_path/Frameworks";
				PRODUCT_BUNDLE_IDENTIFIER = com.eugeniobarquin.innocv;
				PRODUCT_NAME = "$(TARGET_NAME)";
				SWIFT_VERSION = 4.0;
				TARGETED_DEVICE_FAMILY = "1,2";
			};
			name = Debug;
		};
		9C0ADCDF1F8E178400144FB9 /* Release */ = {
			isa = XCBuildConfiguration;
			baseConfigurationReference = 2151CBF3B4706FD2E3E10538 /* Pods-innocv.release.xcconfig */;
			buildSettings = {
				ASSETCATALOG_COMPILER_APPICON_NAME = AppIcon;
				CODE_SIGN_STYLE = Automatic;
				DEVELOPMENT_TEAM = 3XPZ2XV3WU;
				INFOPLIST_FILE = innocv/Info.plist;
				LD_RUNPATH_SEARCH_PATHS = "$(inherited) @executable_path/Frameworks";
				PRODUCT_BUNDLE_IDENTIFIER = com.eugeniobarquin.innocv;
				PRODUCT_NAME = "$(TARGET_NAME)";
				SWIFT_VERSION = 4.0;
				TARGETED_DEVICE_FAMILY = "1,2";
			};
			name = Release;
		};
		9C0ADCE11F8E178400144FB9 /* Debug */ = {
			isa = XCBuildConfiguration;
			baseConfigurationReference = 49E8E10AA4BB37331485A1B8 /* Pods-innocvTests.debug.xcconfig */;
			buildSettings = {
				ALWAYS_EMBED_SWIFT_STANDARD_LIBRARIES = YES;
				BUNDLE_LOADER = "$(TEST_HOST)";
				CODE_SIGN_STYLE = Automatic;
				DEVELOPMENT_TEAM = 3XPZ2XV3WU;
				INFOPLIST_FILE = innocvTests/Info.plist;
				LD_RUNPATH_SEARCH_PATHS = "$(inherited) @executable_path/Frameworks @loader_path/Frameworks";
				PRODUCT_BUNDLE_IDENTIFIER = com.eugeniobarquin.innocvTests;
				PRODUCT_NAME = "$(TARGET_NAME)";
				SWIFT_VERSION = 4.0;
				TARGETED_DEVICE_FAMILY = "1,2";
				TEST_HOST = "$(BUILT_PRODUCTS_DIR)/innocv.app/innocv";
			};
			name = Debug;
		};
		9C0ADCE21F8E178400144FB9 /* Release */ = {
			isa = XCBuildConfiguration;
			baseConfigurationReference = 8AB6FA26D96E014F6B1EE300 /* Pods-innocvTests.release.xcconfig */;
			buildSettings = {
				ALWAYS_EMBED_SWIFT_STANDARD_LIBRARIES = YES;
				BUNDLE_LOADER = "$(TEST_HOST)";
				CODE_SIGN_STYLE = Automatic;
				DEVELOPMENT_TEAM = 3XPZ2XV3WU;
				INFOPLIST_FILE = innocvTests/Info.plist;
				LD_RUNPATH_SEARCH_PATHS = "$(inherited) @executable_path/Frameworks @loader_path/Frameworks";
				PRODUCT_BUNDLE_IDENTIFIER = com.eugeniobarquin.innocvTests;
				PRODUCT_NAME = "$(TARGET_NAME)";
				SWIFT_VERSION = 4.0;
				TARGETED_DEVICE_FAMILY = "1,2";
				TEST_HOST = "$(BUILT_PRODUCTS_DIR)/innocv.app/innocv";
			};
			name = Release;
		};
/* End XCBuildConfiguration section */

/* Begin XCConfigurationList section */
		9C0ADCBB1F8E178400144FB9 /* Build configuration list for PBXProject "innocv" */ = {
			isa = XCConfigurationList;
			buildConfigurations = (
				9C0ADCDB1F8E178400144FB9 /* Debug */,
				9C0ADCDC1F8E178400144FB9 /* Release */,
			);
			defaultConfigurationIsVisible = 0;
			defaultConfigurationName = Release;
		};
		9C0ADCDD1F8E178400144FB9 /* Build configuration list for PBXNativeTarget "innocv" */ = {
			isa = XCConfigurationList;
			buildConfigurations = (
				9C0ADCDE1F8E178400144FB9 /* Debug */,
				9C0ADCDF1F8E178400144FB9 /* Release */,
			);
			defaultConfigurationIsVisible = 0;
			defaultConfigurationName = Release;
		};
		9C0ADCE01F8E178400144FB9 /* Build configuration list for PBXNativeTarget "innocvTests" */ = {
			isa = XCConfigurationList;
			buildConfigurations = (
				9C0ADCE11F8E178400144FB9 /* Debug */,
				9C0ADCE21F8E178400144FB9 /* Release */,
			);
			defaultConfigurationIsVisible = 0;
			defaultConfigurationName = Release;
		};
/* End XCConfigurationList section */
	};
	rootObject = 9C0ADCB81F8E178400144FB9 /* Project object */;
}
